
Microsoft Visual Studio Solution File, Format Version 12.00
# Visual Studio Version 17
VisualStudioVersion = 17.10.35027.167
MinimumVisualStudioVersion = 10.0.40219.1
Project("{9A19103F-16F7-4668-BE54-9A1E7A4F7556}") = "Servidor", "Proyecto2\Servidor.csproj", "{326979D0-0745-4506-AF2D-DDC69419CC68}"
EndProject
Project("{FAE04EC0-301F-11D3-BF4B-00C04F79EFBC}") = "Cliente", "Cliente\Cliente.csproj", "{005B19F7-95F1-4EFB-A10E-D8FE0AEB5A87}"
EndProject
Global
	GlobalSection(SolutionConfigurationPlatforms) = preSolution
		Debug|Any CPU = Debug|Any CPU
		Release|Any CPU = Release|Any CPU
	EndGlobalSection
	GlobalSection(ProjectConfigurationPlatforms) = postSolution
		{326979D0-0745-4506-AF2D-DDC69419CC68}.Debug|Any CPU.ActiveCfg = Debug|Any CPU
		{326979D0-0745-4506-AF2D-DDC69419CC68}.Debug|Any CPU.Build.0 = Debug|Any CPU
		{326979D0-0745-4506-AF2D-DDC69419CC68}.Release|Any CPU.ActiveCfg = Release|Any CPU
		{326979D0-0745-4506-AF2D-DDC69419CC68}.Release|Any CPU.Build.0 = Release|Any CPU
		{005B19F7-95F1-4EFB-A10E-D8FE0AEB5A87}.Debug|Any CPU.ActiveCfg = Debug|Any CPU
		{005B19F7-95F1-4EFB-A10E-D8FE0AEB5A87}.Debug|Any CPU.Build.0 = Debug|Any CPU
		{005B19F7-95F1-4EFB-A10E-D8FE0AEB5A87}.Release|Any CPU.ActiveCfg = Release|Any CPU
		{005B19F7-95F1-4EFB-A10E-D8FE0AEB5A87}.Release|Any CPU.Build.0 = Release|Any CPU
	EndGlobalSection
	GlobalSection(SolutionProperties) = preSolution
		HideSolutionNode = FALSE
	EndGlobalSection
	GlobalSection(ExtensibilityGlobals) = postSolution
		SolutionGuid = {032F3E7A-B592-4165-A763-420D182CFFDC}
	EndGlobalSection
EndGlobal
